
Microsoft Visual Studio Solution File, Format Version 12.00
# Visual Studio Version 17
VisualStudioVersion = 17.5.33502.453
MinimumVisualStudioVersion = 10.0.40219.1
Project("{FAE04EC0-301F-11D3-BF4B-00C04F79EFBC}") = "CricketMatch", "CricketMatch.csproj", "{FE662C0E-AB1C-4F3A-913A-58AB5A17796A}"
EndProject
Global
	GlobalSection(SolutionConfigurationPlatforms) = preSolution
		Debug|Any CPU = Debug|Any CPU
		Release|Any CPU = Release|Any CPU
	EndGlobalSection
	GlobalSection(ProjectConfigurationPlatforms) = postSolution
		{FE662C0E-AB1C-4F3A-913A-58AB5A17796A}.Debug|Any CPU.ActiveCfg = Debug|Any CPU
		{FE662C0E-AB1C-4F3A-913A-58AB5A17796A}.Debug|Any CPU.Build.0 = Debug|Any CPU
		{FE662C0E-AB1C-4F3A-913A-58AB5A17796A}.Release|Any CPU.ActiveCfg = Release|Any CPU
		{FE662C0E-AB1C-4F3A-913A-58AB5A17796A}.Release|Any CPU.Build.0 = Release|Any CPU
	EndGlobalSection
	GlobalSection(SolutionProperties) = preSolution
		HideSolutionNode = FALSE
	EndGlobalSection
	GlobalSection(ExtensibilityGlobals) = postSolution
		SolutionGuid = {20E59212-7B54-4111-81D8-A3395207EB01}
	EndGlobalSection
EndGlobal
